{
  "requires": true,
  "lockfileVersion": 1,
  "dependencies": {
    "react-amap": {
      "version": "1.2.8",
      "resolved": "https://registry.npmjs.org/react-amap/-/react-amap-1.2.8.tgz",
      "integrity": "sha512-uHPEUXti+CcwFyCeqGGqR0ACnXJA9D8S/lQYal9AG3XEOrwkaOFbWUavrvXxjcfAclROIWg8uKxzlRpMQnkHFg=="
    }
  }
}
